
Microsoft Visual Studio Solution File, Format Version 12.00
#
Project("{FAE04EC0-301F-11D3-BF4B-00C04F79EFBC}") = "LUAstudio", "LUAstudio\LUAstudio.csproj", "{B375FF25-EEF0-494C-97FE-F1E59564C57D}"
EndProject
Project("{FAE04EC0-301F-11D3-BF4B-00C04F79EFBC}") = "LUAstudio.Core", "LUAstudio.Core\LUAstudio.Core.csproj", "{66F2F986-572A-4811-AA84-540E9F0FB43F}"
EndProject
Project("{FAE04EC0-301F-11D3-BF4B-00C04F79EFBC}") = "LUAstudio.IDE", "LUAstudio.IDE\LUAstudio.IDE.csproj", "{5E5EA512-8365-42C2-9BF3-5BE8E2E6DA8A}"
EndProject
Project("{FAE04EC0-301F-11D3-BF4B-00C04F79EFBC}") = "LUAstudio.Storage", "LUAstudio.Storage\LUAstudio.Storage.csproj", "{A7D7DA0C-DF16-4A9A-8867-1AE12B636831}"
EndProject
Project("{FAE04EC0-301F-11D3-BF4B-00C04F79EFBC}") = "LUAstudio.Workspace", "LUAstudio.Workspace\LUAstudio.Workspace.csproj", "{CB9A0F61-FFD4-4B32-83EE-C3E57E0FF6C7}"
EndProject
Project("{FAE04EC0-301F-11D3-BF4B-00C04F79EFBC}") = "LUAstudio.Languages", "LUAstudio.Languages\LUAstudio.Languages.csproj", "{532F0FC2-9E13-40CE-B4EE-E154F2EDCE0A}"
EndProject
Project("{FAE04EC0-301F-11D3-BF4B-00C04F79EFBC}") = "LUAstudio.Plugins", "LUAstudio.Plugins\LUAstudio.Plugins.csproj", "{70C7D06E-6B9E-479E-9A78-504122C62C8A}"
EndProject
Project("{FAE04EC0-301F-11D3-BF4B-00C04F79EFBC}") = "LUAstudio.Git", "LUAstudio.Git\LUAstudio.Git.csproj", "{EE87BC25-B32F-401D-8561-87A1868335B4}"
EndProject
Project("{FAE04EC0-301F-11D3-BF4B-00C04F79EFBC}") = "LUAstudio.Themes", "LUAstudio.Themes\LUAstudio.Themes.csproj", "{D7556FDD-AA9F-401D-BCB5-A9C274F2D531}"
EndProject
Project("{FAE04EC0-301F-11D3-BF4B-00C04F79EFBC}") = "LUAstudio.Tools", "LUAstudio.Tools\LUAstudio.Tools.csproj", "{6A59EAA3-658D-4CA0-AD8F-A13650262A19}"
EndProject
Project("{FAE04EC0-301F-11D3-BF4B-00C04F79EFBC}") = "LUAstudio.IntelliSense", "LUAstudio.IntelliSense\LUAstudio.IntelliSense.csproj", "{A1B2C3D4-E5F6-7890-ABCD-EF1234567890}"
EndProject
Project("{FAE04EC0-301F-11D3-BF4B-00C04F79EFBC}") = "LUAstudio.Editor", "LUAstudio.Editor\LUAstudio.Editor.csproj", "{B2C3D4E5-F6A7-8901-BCDE-F12345678901}"
EndProject
Project("{FAE04EC0-301F-11D3-BF4B-00C04F79EFBC}") = "LUAstudio.Tests", "LUAstudio.Tests\LUAstudio.Tests.csproj", "{C3D4E5F6-A7B8-9012-CDEF-123456789012}"
EndProject
Project("{FAE04EC0-301F-11D3-BF4B-00C04F79EFBC}") = "LUAstudio.Abstractions", "LUAstudio.Abstractions\LUAstudio.Abstractions.csproj", "{5C7CE4B8-C073-4E96-9B5A-6A55222DCA39}"
EndProject
Project("{FAE04EC0-301F-11D3-BF4B-00C04F79EFBC}") = "LUAstudio.Settings", "LUAstudio.Settings\LUAstudio.Settings.csproj", "{7D5E3927-5B28-43FE-91E6-79CB663DEF25}"
EndProject
Global
	GlobalSection(SolutionConfigurationPlatforms) = preSolution
		Debug|Any CPU = Debug|Any CPU
		Release|Any CPU = Release|Any CPU
	EndGlobalSection
	GlobalSection(ProjectConfigurationPlatforms) = postSolution
		{B375FF25-EEF0-494C-97FE-F1E59564C57D}.Debug|Any CPU.ActiveCfg = Debug|Any CPU
		{B375FF25-EEF0-494C-97FE-F1E59564C57D}.Debug|Any CPU.Build.0 = Debug|Any CPU
		{B375FF25-EEF0-494C-97FE-F1E59564C57D}.Release|Any CPU.ActiveCfg = Release|Any CPU
		{B375FF25-EEF0-494C-97FE-F1E59564C57D}.Release|Any CPU.Build.0 = Release|Any CPU
		{66F2F986-572A-4811-AA84-540E9F0FB43F}.Debug|Any CPU.ActiveCfg = Debug|Any CPU
		{66F2F986-572A-4811-AA84-540E9F0FB43F}.Debug|Any CPU.Build.0 = Debug|Any CPU
		{66F2F986-572A-4811-AA84-540E9F0FB43F}.Release|Any CPU.ActiveCfg = Release|Any CPU
		{66F2F986-572A-4811-AA84-540E9F0FB43F}.Release|Any CPU.Build.0 = Release|Any CPU
		{5E5EA512-8365-42C2-9BF3-5BE8E2E6DA8A}.Debug|Any CPU.ActiveCfg = Debug|Any CPU
		{5E5EA512-8365-42C2-9BF3-5BE8E2E6DA8A}.Debug|Any CPU.Build.0 = Debug|Any CPU
		{5E5EA512-8365-42C2-9BF3-5BE8E2E6DA8A}.Release|Any CPU.ActiveCfg = Release|Any CPU
		{5E5EA512-8365-42C2-9BF3-5BE8E2E6DA8A}.Release|Any CPU.Build.0 = Release|Any CPU
		{A7D7DA0C-DF16-4A9A-8867-1AE12B636831}.Debug|Any CPU.ActiveCfg = Debug|Any CPU
		{A7D7DA0C-DF16-4A9A-8867-1AE12B636831}.Debug|Any CPU.Build.0 = Debug|Any CPU
		{A7D7DA0C-DF16-4A9A-8867-1AE12B636831}.Release|Any CPU.ActiveCfg = Release|Any CPU
		{A7D7DA0C-DF16-4A9A-8867-1AE12B636831}.Release|Any CPU.Build.0 = Release|Any CPU
		{CB9A0F61-FFD4-4B32-83EE-C3E57E0FF6C7}.Debug|Any CPU.ActiveCfg = Debug|Any CPU
		{CB9A0F61-FFD4-4B32-83EE-C3E57E0FF6C7}.Debug|Any CPU.Build.0 = Debug|Any CPU
		{CB9A0F61-FFD4-4B32-83EE-C3E57E0FF6C7}.Release|Any CPU.ActiveCfg = Release|Any CPU
		{CB9A0F61-FFD4-4B32-83EE-C3E57E0FF6C7}.Release|Any CPU.Build.0 = Release|Any CPU
		{532F0FC2-9E13-40CE-B4EE-E154F2EDCE0A}.Debug|Any CPU.ActiveCfg = Debug|Any CPU
		{532F0FC2-9E13-40CE-B4EE-E154F2EDCE0A}.Debug|Any CPU.Build.0 = Debug|Any CPU
		{532F0FC2-9E13-40CE-B4EE-E154F2EDCE0A}.Release|Any CPU.ActiveCfg = Release|Any CPU
		{532F0FC2-9E13-40CE-B4EE-E154F2EDCE0A}.Release|Any CPU.Build.0 = Release|Any CPU
		{70C7D06E-6B9E-479E-9A78-504122C62C8A}.Debug|Any CPU.ActiveCfg = Debug|Any CPU
		{70C7D06E-6B9E-479E-9A78-504122C62C8A}.Debug|Any CPU.Build.0 = Debug|Any CPU
		{70C7D06E-6B9E-479E-9A78-504122C62C8A}.Release|Any CPU.ActiveCfg = Release|Any CPU
		{70C7D06E-6B9E-479E-9A78-504122C62C8A}.Release|Any CPU.Build.0 = Release|Any CPU
		{EE87BC25-B32F-401D-8561-87A1868335B4}.Debug|Any CPU.ActiveCfg = Debug|Any CPU
		{EE87BC25-B32F-401D-8561-87A1868335B4}.Debug|Any CPU.Build.0 = Debug|Any CPU
		{EE87BC25-B32F-401D-8561-87A1868335B4}.Release|Any CPU.ActiveCfg = Release|Any CPU
		{EE87BC25-B32F-401D-8561-87A1868335B4}.Release|Any CPU.Build.0 = Release|Any CPU
		{D7556FDD-AA9F-401D-BCB5-A9C274F2D531}.Debug|Any CPU.ActiveCfg = Debug|Any CPU
		{D7556FDD-AA9F-401D-BCB5-A9C274F2D531}.Debug|Any CPU.Build.0 = Debug|Any CPU
		{D7556FDD-AA9F-401D-BCB5-A9C274F2D531}.Release|Any CPU.ActiveCfg = Release|Any CPU
		{D7556FDD-AA9F-401D-BCB5-A9C274F2D531}.Release|Any CPU.Build.0 = Release|Any CPU
		{6A59EAA3-658D-4CA0-AD8F-A13650262A19}.Debug|Any CPU.ActiveCfg = Debug|Any CPU
		{6A59EAA3-658D-4CA0-AD8F-A13650262A19}.Debug|Any CPU.Build.0 = Debug|Any CPU
		{6A59EAA3-658D-4CA0-AD8F-A13650262A19}.Release|Any CPU.ActiveCfg = Release|Any CPU
		{6A59EAA3-658D-4CA0-AD8F-A13650262A19}.Release|Any CPU.Build.0 = Release|Any CPU
		{A1B2C3D4-E5F6-7890-ABCD-EF1234567890}.Debug|Any CPU.ActiveCfg = Debug|Any CPU
		{A1B2C3D4-E5F6-7890-ABCD-EF1234567890}.Debug|Any CPU.Build.0 = Debug|Any CPU
		{A1B2C3D4-E5F6-7890-ABCD-EF1234567890}.Release|Any CPU.ActiveCfg = Release|Any CPU
		{A1B2C3D4-E5F6-7890-ABCD-EF1234567890}.Release|Any CPU.Build.0 = Release|Any CPU
		{B2C3D4E5-F6A7-8901-BCDE-F12345678901}.Debug|Any CPU.ActiveCfg = Debug|Any CPU
		{B2C3D4E5-F6A7-8901-BCDE-F12345678901}.Debug|Any CPU.Build.0 = Debug|Any CPU
		{B2C3D4E5-F6A7-8901-BCDE-F12345678901}.Release|Any CPU.ActiveCfg = Release|Any CPU
		{B2C3D4E5-F6A7-8901-BCDE-F12345678901}.Release|Any CPU.Build.0 = Release|Any CPU
		{C3D4E5F6-A7B8-9012-CDEF-123456789012}.Debug|Any CPU.ActiveCfg = Debug|Any CPU
		{C3D4E5F6-A7B8-9012-CDEF-123456789012}.Debug|Any CPU.Build.0 = Debug|Any CPU
		{C3D4E5F6-A7B8-9012-CDEF-123456789012}.Release|Any CPU.ActiveCfg = Release|Any CPU
		{C3D4E5F6-A7B8-9012-CDEF-123456789012}.Release|Any CPU.Build.0 = Release|Any CPU
		{5C7CE4B8-C073-4E96-9B5A-6A55222DCA39}.Debug|Any CPU.ActiveCfg = Debug|Any CPU
		{5C7CE4B8-C073-4E96-9B5A-6A55222DCA39}.Debug|Any CPU.Build.0 = Debug|Any CPU
		{5C7CE4B8-C073-4E96-9B5A-6A55222DCA39}.Release|Any CPU.ActiveCfg = Release|Any CPU
		{5C7CE4B8-C073-4E96-9B5A-6A55222DCA39}.Release|Any CPU.Build.0 = Release|Any CPU
		{7D5E3927-5B28-43FE-91E6-79CB663DEF25}.Debug|Any CPU.ActiveCfg = Debug|Any CPU
		{7D5E3927-5B28-43FE-91E6-79CB663DEF25}.Debug|Any CPU.Build.0 = Debug|Any CPU
		{7D5E3927-5B28-43FE-91E6-79CB663DEF25}.Release|Any CPU.ActiveCfg = Release|Any CPU
		{7D5E3927-5B28-43FE-91E6-79CB663DEF25}.Release|Any CPU.Build.0 = Release|Any CPU
	EndGlobalSection
EndGlobal
